
Microsoft Visual Studio Solution File, Format Version 12.00
# Visual Studio 14
VisualStudioVersion = 14.0.25420.1
MinimumVisualStudioVersion = 10.0.40219.1
Project("{8BC9CEB8-8B4A-11D0-8D11-00A0C91BC942}") = "Cmac", "Cmac\Cmac.vcxproj", "{F7E57AB2-1669-4BE1-82C8-5A49DA924B1B}"
EndProject
Project("{8BC9CEB8-8B4A-11D0-8D11-00A0C91BC942}") = "CmacUnitTests", "CmacUnitTests\CmacUnitTests.vcxproj", "{7E236901-E9C3-42EB-A450-9E198C6A79CB}"
EndProject
Global
	GlobalSection(SolutionConfigurationPlatforms) = preSolution
		Debug|x64 = Debug|x64
		Debug|x86 = Debug|x86
		Release|x64 = Release|x64
		Release|x86 = Release|x86
	EndGlobalSection
	GlobalSection(ProjectConfigurationPlatforms) = postSolution
		{F7E57AB2-1669-4BE1-82C8-5A49DA924B1B}.Debug|x64.ActiveCfg = Debug|x64
		{F7E57AB2-1669-4BE1-82C8-5A49DA924B1B}.Debug|x64.Build.0 = Debug|x64
		{F7E57AB2-1669-4BE1-82C8-5A49DA924B1B}.Debug|x86.ActiveCfg = Debug|Win32
		{F7E57AB2-1669-4BE1-82C8-5A49DA924B1B}.Debug|x86.Build.0 = Debug|Win32
		{F7E57AB2-1669-4BE1-82C8-5A49DA924B1B}.Release|x64.ActiveCfg = Release|x64
		{F7E57AB2-1669-4BE1-82C8-5A49DA924B1B}.Release|x64.Build.0 = Release|x64
		{F7E57AB2-1669-4BE1-82C8-5A49DA924B1B}.Release|x86.ActiveCfg = Release|Win32
		{F7E57AB2-1669-4BE1-82C8-5A49DA924B1B}.Release|x86.Build.0 = Release|Win32
		{7E236901-E9C3-42EB-A450-9E198C6A79CB}.Debug|x64.ActiveCfg = Debug|x64
		{7E236901-E9C3-42EB-A450-9E198C6A79CB}.Debug|x64.Build.0 = Debug|x64
		{7E236901-E9C3-42EB-A450-9E198C6A79CB}.Debug|x86.ActiveCfg = Debug|Win32
		{7E236901-E9C3-42EB-A450-9E198C6A79CB}.Debug|x86.Build.0 = Debug|Win32
		{7E236901-E9C3-42EB-A450-9E198C6A79CB}.Release|x64.ActiveCfg = Release|x64
		{7E236901-E9C3-42EB-A450-9E198C6A79CB}.Release|x64.Build.0 = Release|x64
		{7E236901-E9C3-42EB-A450-9E198C6A79CB}.Release|x86.ActiveCfg = Release|Win32
		{7E236901-E9C3-42EB-A450-9E198C6A79CB}.Release|x86.Build.0 = Release|Win32
	EndGlobalSection
	GlobalSection(SolutionProperties) = preSolution
		HideSolutionNode = FALSE
	EndGlobalSection
EndGlobal
